{
  "name": "OneClickCopyFlow",
  "lockfileVersion": 3,
  "requires": true,
  "packages": {
    "": {
      "dependencies": {
        "gpt4js": "^1.7.8"
      }
    },
    "node_modules/gpt4js": {
      "version": "1.7.8",
      "resolved": "https://registry.npmjs.org/gpt4js/-/gpt4js-1.7.8.tgz",
      "integrity": "sha512-0hGRN0aNLQ0OT2ZDmwUtcj4oCVHsj/QkOElNk1S1PghmwsQcSVwrtxOMeSsuqj5a/EgTUaSOL/4e0kuJcvGYkQ==",
      "license": "GNU"
    }
  }
}
